
Microsoft Visual Studio Solution File, Format Version 12.00
# Visual Studio 15
VisualStudioVersion = 15.0.27004.2009
MinimumVisualStudioVersion = 10.0.40219.1
Project("{FAE04EC0-301F-11D3-BF4B-00C04F79EFBC}") = "INF4042", "INF4042\INF4042\INF4042.csproj", "{12C6BBFE-39AD-4640-9550-D9F49B1A6573}"
EndProject
Project("{FAE04EC0-301F-11D3-BF4B-00C04F79EFBC}") = "INF4042.Android", "INF4042\INF4042.Android\INF4042.Android.csproj", "{927E43D5-16D5-482D-955A-CC3CEF187882}"
EndProject
Project("{FAE04EC0-301F-11D3-BF4B-00C04F79EFBC}") = "INF4042.iOS", "INF4042\INF4042.iOS\INF4042.iOS.csproj", "{93773EFC-49CE-4A25-83F2-591D6358C52B}"
EndProject
Global
	GlobalSection(SolutionConfigurationPlatforms) = preSolution
		Debug|Any CPU = Debug|Any CPU
		Debug|iPhone = Debug|iPhone
		Debug|iPhoneSimulator = Debug|iPhoneSimulator
		Release|Any CPU = Release|Any CPU
		Release|iPhone = Release|iPhone
		Release|iPhoneSimulator = Release|iPhoneSimulator
	EndGlobalSection
	GlobalSection(ProjectConfigurationPlatforms) = postSolution
		{12C6BBFE-39AD-4640-9550-D9F49B1A6573}.Debug|Any CPU.ActiveCfg = Debug|Any CPU
		{12C6BBFE-39AD-4640-9550-D9F49B1A6573}.Debug|Any CPU.Build.0 = Debug|Any CPU
		{12C6BBFE-39AD-4640-9550-D9F49B1A6573}.Debug|iPhone.ActiveCfg = Debug|Any CPU
		{12C6BBFE-39AD-4640-9550-D9F49B1A6573}.Debug|iPhone.Build.0 = Debug|Any CPU
		{12C6BBFE-39AD-4640-9550-D9F49B1A6573}.Debug|iPhoneSimulator.ActiveCfg = Debug|Any CPU
		{12C6BBFE-39AD-4640-9550-D9F49B1A6573}.Debug|iPhoneSimulator.Build.0 = Debug|Any CPU
		{12C6BBFE-39AD-4640-9550-D9F49B1A6573}.Release|Any CPU.ActiveCfg = Release|Any CPU
		{12C6BBFE-39AD-4640-9550-D9F49B1A6573}.Release|Any CPU.Build.0 = Release|Any CPU
		{12C6BBFE-39AD-4640-9550-D9F49B1A6573}.Release|iPhone.ActiveCfg = Release|Any CPU
		{12C6BBFE-39AD-4640-9550-D9F49B1A6573}.Release|iPhone.Build.0 = Release|Any CPU
		{12C6BBFE-39AD-4640-9550-D9F49B1A6573}.Release|iPhoneSimulator.ActiveCfg = Release|Any CPU
		{12C6BBFE-39AD-4640-9550-D9F49B1A6573}.Release|iPhoneSimulator.Build.0 = Release|Any CPU
		{927E43D5-16D5-482D-955A-CC3CEF187882}.Debug|Any CPU.ActiveCfg = Debug|Any CPU
		{927E43D5-16D5-482D-955A-CC3CEF187882}.Debug|Any CPU.Build.0 = Debug|Any CPU
		{927E43D5-16D5-482D-955A-CC3CEF187882}.Debug|Any CPU.Deploy.0 = Debug|Any CPU
		{927E43D5-16D5-482D-955A-CC3CEF187882}.Debug|iPhone.ActiveCfg = Debug|Any CPU
		{927E43D5-16D5-482D-955A-CC3CEF187882}.Debug|iPhone.Build.0 = Debug|Any CPU
		{927E43D5-16D5-482D-955A-CC3CEF187882}.Debug|iPhone.Deploy.0 = Debug|Any CPU
		{927E43D5-16D5-482D-955A-CC3CEF187882}.Debug|iPhoneSimulator.ActiveCfg = Debug|Any CPU
		{927E43D5-16D5-482D-955A-CC3CEF187882}.Debug|iPhoneSimulator.Build.0 = Debug|Any CPU
		{927E43D5-16D5-482D-955A-CC3CEF187882}.Debug|iPhoneSimulator.Deploy.0 = Debug|Any CPU
		{927E43D5-16D5-482D-955A-CC3CEF187882}.Release|Any CPU.ActiveCfg = Release|Any CPU
		{927E43D5-16D5-482D-955A-CC3CEF187882}.Release|Any CPU.Build.0 = Release|Any CPU
		{927E43D5-16D5-482D-955A-CC3CEF187882}.Release|Any CPU.Deploy.0 = Release|Any CPU
		{927E43D5-16D5-482D-955A-CC3CEF187882}.Release|iPhone.ActiveCfg = Release|Any CPU
		{927E43D5-16D5-482D-955A-CC3CEF187882}.Release|iPhone.Build.0 = Release|Any CPU
		{927E43D5-16D5-482D-955A-CC3CEF187882}.Release|iPhone.Deploy.0 = Release|Any CPU
		{927E43D5-16D5-482D-955A-CC3CEF187882}.Release|iPhoneSimulator.ActiveCfg = Release|Any CPU
		{927E43D5-16D5-482D-955A-CC3CEF187882}.Release|iPhoneSimulator.Build.0 = Release|Any CPU
		{927E43D5-16D5-482D-955A-CC3CEF187882}.Release|iPhoneSimulator.Deploy.0 = Release|Any CPU
		{93773EFC-49CE-4A25-83F2-591D6358C52B}.Debug|Any CPU.ActiveCfg = Debug|iPhoneSimulator
		{93773EFC-49CE-4A25-83F2-591D6358C52B}.Debug|iPhone.ActiveCfg = Debug|iPhone
		{93773EFC-49CE-4A25-83F2-591D6358C52B}.Debug|iPhone.Build.0 = Debug|iPhone
		{93773EFC-49CE-4A25-83F2-591D6358C52B}.Debug|iPhoneSimulator.ActiveCfg = Debug|iPhoneSimulator
		{93773EFC-49CE-4A25-83F2-591D6358C52B}.Debug|iPhoneSimulator.Build.0 = Debug|iPhoneSimulator
		{93773EFC-49CE-4A25-83F2-591D6358C52B}.Release|Any CPU.ActiveCfg = Release|iPhoneSimulator
		{93773EFC-49CE-4A25-83F2-591D6358C52B}.Release|iPhone.ActiveCfg = Release|iPhone
		{93773EFC-49CE-4A25-83F2-591D6358C52B}.Release|iPhone.Build.0 = Release|iPhone
		{93773EFC-49CE-4A25-83F2-591D6358C52B}.Release|iPhoneSimulator.ActiveCfg = Release|iPhoneSimulator
		{93773EFC-49CE-4A25-83F2-591D6358C52B}.Release|iPhoneSimulator.Build.0 = Release|iPhoneSimulator
	EndGlobalSection
	GlobalSection(SolutionProperties) = preSolution
		HideSolutionNode = FALSE
	EndGlobalSection
	GlobalSection(ExtensibilityGlobals) = postSolution
		SolutionGuid = {C2D67272-761F-42C9-8591-2ADA27683FD0}
	EndGlobalSection
EndGlobal
